<Solution>
  <Folder Name="/src/">
    <Project Path="src/BigRig.Domain/BigRig.Domain.csproj" />
    <Project Path="src/BigRig.Contracts/BigRig.Contracts.csproj" />
    <Project Path="src/BigRig.ApiClient/BigRig.ApiClient.csproj" />
    <Project Path="src/BigRig.Data/BigRig.Data.csproj" />
    <Project Path="src/BigRig.Api/BigRig.Api.csproj" />
    <Project Path="src/BigRig.Mobile/BigRig.Mobile.csproj" />
    <Project Path="src/BigRig.Web/BigRig.Web.csproj" />
  </Folder>
  <Folder Name="/tests/">
    <Project Path="tests/BigRig.Domain.Tests/BigRig.Domain.Tests.csproj" />
  </Folder>
</Solution>
